<?xml version="1.0" encoding="utf-8"?>
<Project ToolsVersion="4.0" xmlns="http://schemas.microsoft.com/developer/msbuild/2003">
  <ItemGroup>
    <Filter Include="源文件">
      <UniqueIdentifier>{4FC737F1-C7A5-4376-A066-2A32D752A2FF}</UniqueIdentifier>
      <Extensions>cpp;c;cc;cxx;c++;cppm;ixx;def;odl;idl;hpj;bat;asm;asmx</Extensions>
    </Filter>
    <Filter Include="头文件">
      <UniqueIdentifier>{93995380-89BD-4b04-88EB-625FBE52EBFB}</UniqueIdentifier>
      <Extensions>h;hh;hpp;hxx;h++;hm;inl;inc;ipp;xsd</Extensions>
    </Filter>
    <Filter Include="资源文件">
      <UniqueIdentifier>{67DA6AB6-F800-4c08-8B7A-83BB121AAD01}</UniqueIdentifier>
      <Extensions>rc;ico;cur;bmp;dlg;rc2;rct;bin;rgs;gif;jpg;jpeg;jpe;resx;tiff;tif;png;wav;mfcribbon-ms</Extensions>
    </Filter>
    <Filter Include="源文件\Demo">
      <UniqueIdentifier>{1cca66c4-6fe9-4928-9dd3-b84b8024b27b}</UniqueIdentifier>
    </Filter>
    <Filter Include="源文件\Demo\skyboxShader">
      <UniqueIdentifier>{b2013dfe-0bbb-4d3f-8579-88f9432e8871}</UniqueIdentifier>
    </Filter>
    <Filter Include="源文件\Demo\floor">
      <UniqueIdentifier>{4c9c5aea-d896-4382-bf3e-aac2ace01900}</UniqueIdentifier>
    </Filter>
    <Filter Include="源文件\Demo\mount">
      <UniqueIdentifier>{449d100d-cbe2-475c-9372-3fb5914ad69e}</UniqueIdentifier>
    </Filter>
    <Filter Include="源文件\Demo\light">
      <UniqueIdentifier>{f07ce2f5-1fd7-4332-8d5c-a4b3cf531301}</UniqueIdentifier>
    </Filter>
    <Filter Include="源文件\Demo\calculateLighting">
      <UniqueIdentifier>{5bd1eaac-c013-436b-ad7f-50350b319847}</UniqueIdentifier>
    </Filter>
    <Filter Include="源文件\Demo\tree">
      <UniqueIdentifier>{be1f596c-6086-45a4-92f1-ff0daced6c6c}</UniqueIdentifier>
    </Filter>
    <Filter Include="源文件\Demo\Shadow">
      <UniqueIdentifier>{90b37e35-f3e5-42fe-a6c7-219ac27e542b}</UniqueIdentifier>
    </Filter>
  </ItemGroup>
  <ItemGroup>
    <ClInclude Include="camera.h">
      <Filter>头文件</Filter>
    </ClInclude>
    <ClInclude Include="mesh.h">
      <Filter>头文件</Filter>
    </ClInclude>
    <ClInclude Include="model.h">
      <Filter>头文件</Filter>
    </ClInclude>
    <ClInclude Include="shader.h">
      <Filter>头文件</Filter>
    </ClInclude>
    <ClInclude Include="stb_image.h">
      <Filter>头文件</Filter>
    </ClInclude>
  </ItemGroup>
  <ItemGroup>
    <ClCompile Include="glad.c">
      <Filter>头文件</Filter>
    </ClCompile>
    <ClCompile Include="Scenario.cpp">
      <Filter>源文件\Demo</Filter>
    </ClCompile>
  </ItemGroup>
  <ItemGroup>
    <None Include="vertexShaderSource_skybox.GLSL">
      <Filter>源文件\Demo\skyboxShader</Filter>
    </None>
    <None Include="fragmentShaderSource_skybox.GLSL">
      <Filter>源文件\Demo\skyboxShader</Filter>
    </None>
    <None Include="vertexShaderSource_floor.GLSL">
      <Filter>源文件\Demo\floor</Filter>
    </None>
    <None Include="fragmentSjaderSource_floor.GLSL">
      <Filter>源文件\Demo\floor</Filter>
    </None>
    <None Include="vertexShaderSource_mount.GLSL">
      <Filter>源文件\Demo\mount</Filter>
    </None>
    <None Include="fragmentShaderSource_mount.GLSL">
      <Filter>源文件\Demo\mount</Filter>
    </None>
    <None Include="vertexShaderSource_light.GLSL">
      <Filter>源文件\Demo\light</Filter>
    </None>
    <None Include="fragmentShaderSource_light.GLSL">
      <Filter>源文件\Demo\light</Filter>
    </None>
    <None Include="ambient.GLSL">
      <Filter>源文件\Demo\calculateLighting</Filter>
    </None>
    <None Include="diffuse.GLSL">
      <Filter>源文件\Demo\calculateLighting</Filter>
    </None>
    <None Include="specular.GLSL">
      <Filter>源文件\Demo\calculateLighting</Filter>
    </None>
    <None Include="vertexShaderSource_tree.GLSL">
      <Filter>源文件\Demo\tree</Filter>
    </None>
    <None Include="fragmentShaderSource_tree.GLSL">
      <Filter>源文件\Demo\tree</Filter>
    </None>
    <None Include="vertexShaderSource_depthmap.GLSL">
      <Filter>源文件\Demo\Shadow</Filter>
    </None>
    <None Include="fragmentShadow_depthmap.GLSL">
      <Filter>源文件\Demo\Shadow</Filter>
    </None>
    <None Include="vertexShaderSource_shadowmap.GLSL">
      <Filter>源文件\Demo\Shadow</Filter>
    </None>
    <None Include="fragmentShaderSource_shadowmap.GLSL">
      <Filter>源文件\Demo\Shadow</Filter>
    </None>
    <None Include="vertexShaderSource_shadow.GLSL">
      <Filter>源文件\Demo\Shadow</Filter>
    </None>
    <None Include="fragmentShaderSource_shadow.GLSL">
      <Filter>源文件\Demo\Shadow</Filter>
    </None>
  </ItemGroup>
</Project>